<?xml version="1.0" encoding="utf-8"?>
<Project ToolsVersion="4.0" xmlns="http://schemas.microsoft.com/developer/msbuild/2003">
  <ItemGroup>
    <Filter Include="ソース ファイル">
      <UniqueIdentifier>{4FC737F1-C7A5-4376-A066-2A32D752A2FF}</UniqueIdentifier>
      <Extensions>cpp;c;cc;cxx;def;odl;idl;hpj;bat;asm;asmx</Extensions>
    </Filter>
    <Filter Include="ヘッダー ファイル">
      <UniqueIdentifier>{93995380-89BD-4b04-88EB-625FBE52EBFB}</UniqueIdentifier>
      <Extensions>h;hh;hpp;hxx;hm;inl;inc;ipp;xsd</Extensions>
    </Filter>
    <Filter Include="リソース ファイル">
      <UniqueIdentifier>{67DA6AB6-F800-4c08-8B7A-83BB121AAD01}</UniqueIdentifier>
      <Extensions>rc;ico;cur;bmp;dlg;rc2;rct;bin;rgs;gif;jpg;jpeg;jpe;resx;tiff;tif;png;wav;mfcribbon-ms</Extensions>
    </Filter>
    <Filter Include="hspsdk">
      <UniqueIdentifier>{6c970a63-f2d2-4bd1-8719-24ce1c35b494}</UniqueIdentifier>
    </Filter>
    <Filter Include="hpiutil">
      <UniqueIdentifier>{0a78f6ba-2692-4577-9f69-3331d768df4b}</UniqueIdentifier>
    </Filter>
    <Filter Include="cppformat">
      <UniqueIdentifier>{40c096fd-f36c-4948-abb7-8e10ea98b2a4}</UniqueIdentifier>
    </Filter>
    <Filter Include="module">
      <UniqueIdentifier>{2161ea97-d6a3-4c0d-b65a-67fe2fb36a5b}</UniqueIdentifier>
    </Filter>
    <Filter Include="module\supio">
      <UniqueIdentifier>{3a94cc26-ab4f-4c9e-b631-b8a12996a239}</UniqueIdentifier>
    </Filter>
    <Filter Include="hspsdk\win32gui">
      <UniqueIdentifier>{a52c5b5e-7dcd-4c75-8181-631970be012f}</UniqueIdentifier>
    </Filter>
  </ItemGroup>
  <ItemGroup>
    <ClInclude Include="pch.h">
      <Filter>ヘッダー ファイル</Filter>
    </ClInclude>
    <ClInclude Include="..\hpiutil\DInfo.hpp">
      <Filter>hpiutil</Filter>
    </ClInclude>
    <ClInclude Include="..\hpiutil\hpiutil.hpp">
      <Filter>hpiutil</Filter>
    </ClInclude>
    <ClInclude Include="..\hpiutil\hpiutil_fwd.hpp">
      <Filter>hpiutil</Filter>
    </ClInclude>
    <ClInclude Include="..\hpiutil\SourcePos.hpp">
      <Filter>hpiutil</Filter>
    </ClInclude>
    <ClInclude Include="..\hpiutil\Sysvar.hpp">
      <Filter>hpiutil</Filter>
    </ClInclude>
    <ClInclude Include="..\hpiutil\vartype_traits.hpp">
      <Filter>hpiutil</Filter>
    </ClInclude>
    <ClInclude Include="..\hpiutil\vector_view.hpp">
      <Filter>hpiutil</Filter>
    </ClInclude>
    <ClInclude Include="..\cppformat\cppformat\format.h">
      <Filter>cppformat</Filter>
    </ClInclude>
    <ClInclude Include="..\hspsdk\hsp3debug.h">
      <Filter>hspsdk</Filter>
    </ClInclude>
    <ClInclude Include="..\hspsdk\hsp3plugin.h">
      <Filter>hspsdk</Filter>
    </ClInclude>
    <ClInclude Include="..\hspsdk\hsp3struct.h">
      <Filter>hspsdk</Filter>
    </ClInclude>
    <ClInclude Include="..\hspsdk\hspvar_core.h">
      <Filter>hspsdk</Filter>
    </ClInclude>
    <ClInclude Include="..\hspsdk\hspwnd.h">
      <Filter>hspsdk</Filter>
    </ClInclude>
    <ClInclude Include="..\hspsdk\win32gui\hspwnd_win.h">
      <Filter>hspsdk\win32gui</Filter>
    </ClInclude>
    <ClInclude Include="module\supio\supio.h">
      <Filter>module\supio</Filter>
    </ClInclude>
    <ClInclude Include="module\CIni.h">
      <Filter>module</Filter>
    </ClInclude>
    <ClInclude Include="module\CStrBuf.h">
      <Filter>module</Filter>
    </ClInclude>
    <ClInclude Include="module\CStrWriter.h">
      <Filter>module</Filter>
    </ClInclude>
    <ClInclude Include="module\GuiUtility.h">
      <Filter>module</Filter>
    </ClInclude>
    <ClInclude Include="module\handle_deleter.hpp">
      <Filter>module</Filter>
    </ClInclude>
    <ClInclude Include="module\strf.h">
      <Filter>module</Filter>
    </ClInclude>
    <ClInclude Include="module\utility.h">
      <Filter>module</Filter>
    </ClInclude>
    <ClInclude Include="DebugInfo.h">
      <Filter>ヘッダー ファイル</Filter>
    </ClInclude>
    <ClInclude Include="encoding.h">
      <Filter>ヘッダー ファイル</Filter>
    </ClInclude>
    <ClInclude Include="hsp_objects_module_tree.h">
      <Filter>ヘッダー ファイル</Filter>
    </ClInclude>
    <ClInclude Include="hsp_wrap_call.h">
      <Filter>ヘッダー ファイル</Filter>
    </ClInclude>
    <ClInclude Include="HspDebugApi.h">
      <Filter>ヘッダー ファイル</Filter>
    </ClInclude>
    <ClInclude Include="HspObjectPath.h">
      <Filter>ヘッダー ファイル</Filter>
    </ClInclude>
    <ClInclude Include="HspObjects.h">
      <Filter>ヘッダー ファイル</Filter>
    </ClInclude>
    <ClInclude Include="HspObjectTree.h">
      <Filter>ヘッダー ファイル</Filter>
    </ClInclude>
    <ClInclude Include="HspObjectWriter.h">
      <Filter>ヘッダー ファイル</Filter>
    </ClInclude>
    <ClInclude Include="HspRuntime.h">
      <Filter>ヘッダー ファイル</Filter>
    </ClInclude>
    <ClInclude Include="HspStaticVars.h">
      <Filter>ヘッダー ファイル</Filter>
    </ClInclude>
    <ClInclude Include="HspTypes.h">
      <Filter>ヘッダー ファイル</Filter>
    </ClInclude>
    <ClInclude Include="platform.h">
      <Filter>ヘッダー ファイル</Filter>
    </ClInclude>
    <ClInclude Include="SourceFile.h">
      <Filter>ヘッダー ファイル</Filter>
    </ClInclude>
    <ClInclude Include="SourceFileResolver.h">
      <Filter>ヘッダー ファイル</Filter>
    </ClInclude>
    <ClInclude Include="StepController.h">
      <Filter>ヘッダー ファイル</Filter>
    </ClInclude>
    <ClInclude Include="test_suite.h">
      <Filter>ヘッダー ファイル</Filter>
    </ClInclude>
    <ClInclude Include="module\pch.h">
      <Filter>module</Filter>
    </ClInclude>
    <ClInclude Include="string_split.h">
      <Filter>ヘッダー ファイル</Filter>
    </ClInclude>
  </ItemGroup>
  <ItemGroup>
    <ClCompile Include="pch.cpp">
      <Filter>ソース ファイル</Filter>
    </ClCompile>
    <ClCompile Include="..\hpiutil\DInfo.cpp">
      <Filter>hpiutil</Filter>
    </ClCompile>
    <ClCompile Include="..\hpiutil\stringify.cpp">
      <Filter>hpiutil</Filter>
    </ClCompile>
    <ClCompile Include="..\hpiutil\Sysvar.cpp">
      <Filter>hpiutil</Filter>
    </ClCompile>
    <ClCompile Include="..\cppformat\cppformat\format.cc">
      <Filter>cppformat</Filter>
    </ClCompile>
    <ClCompile Include="..\hspsdk\hsp3plugin.cpp">
      <Filter>hspsdk</Filter>
    </ClCompile>
    <ClCompile Include="module\supio\supio.cpp">
      <Filter>module\supio</Filter>
    </ClCompile>
    <ClCompile Include="module\CIni.cpp">
      <Filter>module</Filter>
    </ClCompile>
    <ClCompile Include="module\CStrBuf.cpp">
      <Filter>module</Filter>
    </ClCompile>
    <ClCompile Include="module\CStrWriter.cpp">
      <Filter>module</Filter>
    </ClCompile>
    <ClCompile Include="module\GuiUtility.cpp">
      <Filter>module</Filter>
    </ClCompile>
    <ClCompile Include="DebugInfo.cpp">
      <Filter>ソース ファイル</Filter>
    </ClCompile>
    <ClCompile Include="encoding.cpp">
      <Filter>ソース ファイル</Filter>
    </ClCompile>
    <ClCompile Include="hsp_objects_module_tree.cpp">
      <Filter>ソース ファイル</Filter>
    </ClCompile>
    <ClCompile Include="hsp_wrap_call.cpp">
      <Filter>ソース ファイル</Filter>
    </ClCompile>
    <ClCompile Include="HspDebugApi.cpp">
      <Filter>ソース ファイル</Filter>
    </ClCompile>
    <ClCompile Include="HspObjectPath.cpp">
      <Filter>ソース ファイル</Filter>
    </ClCompile>
    <ClCompile Include="HspObjects.cpp">
      <Filter>ソース ファイル</Filter>
    </ClCompile>
    <ClCompile Include="HspObjectTree.cpp">
      <Filter>ソース ファイル</Filter>
    </ClCompile>
    <ClCompile Include="HspObjectWriter.cpp">
      <Filter>ソース ファイル</Filter>
    </ClCompile>
    <ClCompile Include="HspRuntime.cpp">
      <Filter>ソース ファイル</Filter>
    </ClCompile>
    <ClCompile Include="HspStaticVars.cpp">
      <Filter>ソース ファイル</Filter>
    </ClCompile>
    <ClCompile Include="SourceFile.cpp">
      <Filter>ソース ファイル</Filter>
    </ClCompile>
    <ClCompile Include="SourceFileResolver.cpp">
      <Filter>ソース ファイル</Filter>
    </ClCompile>
    <ClCompile Include="StepController.cpp">
      <Filter>ソース ファイル</Filter>
    </ClCompile>
    <ClCompile Include="string_split.cpp">
      <Filter>ソース ファイル</Filter>
    </ClCompile>
  </ItemGroup>
</Project>