<?xml version="1.0" encoding="utf-8"?>
<Project ToolsVersion="4.0" xmlns="http://schemas.microsoft.com/developer/msbuild/2003">
  <ItemGroup>
    <Filter Include="ソース ファイル">
      <UniqueIdentifier>{4FC737F1-C7A5-4376-A066-2A32D752A2FF}</UniqueIdentifier>
      <Extensions>cpp;c;cc;cxx;def;odl;idl;hpj;bat;asm;asmx</Extensions>
    </Filter>
    <Filter Include="ヘッダー ファイル">
      <UniqueIdentifier>{93995380-89BD-4b04-88EB-625FBE52EBFB}</UniqueIdentifier>
      <Extensions>h;hpp;hxx;hm;inl;inc;xsd</Extensions>
    </Filter>
    <Filter Include="リソース ファイル">
      <UniqueIdentifier>{67DA6AB6-F800-4c08-8B7A-83BB121AAD01}</UniqueIdentifier>
      <Extensions>rc;ico;cur;bmp;dlg;rc2;rct;bin;rgs;gif;jpg;jpeg;jpe;resx;tiff;tif;png;wav</Extensions>
    </Filter>
    <Filter Include="dllmain">
      <UniqueIdentifier>{e1888032-314d-46c4-ac76-11853b611358}</UniqueIdentifier>
    </Filter>
    <Filter Include="hspsdk">
      <UniqueIdentifier>{dafa0190-f8c1-4a6e-bc1e-1661fdda6126}</UniqueIdentifier>
    </Filter>
    <Filter Include="hpimod">
      <UniqueIdentifier>{7a557379-2b96-4b25-8dce-ad8505fd1f17}</UniqueIdentifier>
    </Filter>
  </ItemGroup>
  <ItemGroup>
    <ClCompile Include="type_modcmd.cpp">
      <Filter>ソース ファイル</Filter>
    </ClCompile>
    <ClCompile Include="WrapCall.cpp">
      <Filter>ソース ファイル</Filter>
    </ClCompile>
    <ClCompile Include="dllmain.cpp">
      <Filter>dllmain</Filter>
    </ClCompile>
    <ClCompile Include="..\hspsdk\hsp3plugin.cpp">
      <Filter>hspsdk</Filter>
    </ClCompile>
  </ItemGroup>
  <ItemGroup>
    <ClInclude Include="type_modcmd.h">
      <Filter>ソース ファイル</Filter>
    </ClInclude>
    <ClInclude Include="WrapCall.h">
      <Filter>ソース ファイル</Filter>
    </ClInclude>
    <ClInclude Include="DbgWndMsg.h">
      <Filter>ヘッダー ファイル</Filter>
    </ClInclude>
    <ClInclude Include="ModcmdCallInfo.h">
      <Filter>ヘッダー ファイル</Filter>
    </ClInclude>
    <ClInclude Include="WrapCallSdk.h">
      <Filter>ヘッダー ファイル</Filter>
    </ClInclude>
    <ClInclude Include="dllmain.h">
      <Filter>dllmain</Filter>
    </ClInclude>
    <ClInclude Include="..\hspsdk\hsp3debug.h">
      <Filter>hspsdk</Filter>
    </ClInclude>
    <ClInclude Include="..\hspsdk\hsp3plugin.h">
      <Filter>hspsdk</Filter>
    </ClInclude>
    <ClInclude Include="..\hspsdk\hsp3struct.h">
      <Filter>hspsdk</Filter>
    </ClInclude>
    <ClInclude Include="..\hspsdk\hspvar_core.h">
      <Filter>hspsdk</Filter>
    </ClInclude>
    <ClInclude Include="..\hspsdk\hspwnd.h">
      <Filter>hspsdk</Filter>
    </ClInclude>
    <ClInclude Include="..\hpimod\hsp3plugin_custom.h">
      <Filter>hpimod</Filter>
    </ClInclude>
  </ItemGroup>
</Project>