
Microsoft Visual Studio Solution File, Format Version 12.00
# Visual Studio Version 16
VisualStudioVersion = 16.0.29102.190
MinimumVisualStudioVersion = 10.0.40219.1
Project("{8BC9CEB8-8B4A-11D0-8D11-00A0C91BC942}") = "knowbug_core", "knowbug_core\knowbug_core.vcxproj", "{D6416DA8-ECD1-45B6-A914-8F08B1EDA1CA}"
EndProject
Project("{8BC9CEB8-8B4A-11D0-8D11-00A0C91BC942}") = "knowbug_dll", "knowbug_dll\knowbug_dll.vcxproj", "{08753D26-73EB-4081-9989-C978B528E2B8}"
EndProject
Project("{8BC9CEB8-8B4A-11D0-8D11-00A0C91BC942}") = "knowbug_tests", "knowbug_tests\knowbug_tests.vcxproj", "{FE616804-5CF0-4451-93CB-C57FE664CCCD}"
EndProject
Global
	GlobalSection(SolutionConfigurationPlatforms) = preSolution
		Debug|x64 = Debug|x64
		Debug|x86 = Debug|x86
		DebugUtf8|x64 = DebugUtf8|x64
		DebugUtf8|x86 = DebugUtf8|x86
		Release|x64 = Release|x64
		Release|x86 = Release|x86
	EndGlobalSection
	GlobalSection(ProjectConfigurationPlatforms) = postSolution
		{D6416DA8-ECD1-45B6-A914-8F08B1EDA1CA}.Debug|x64.ActiveCfg = Debug|x64
		{D6416DA8-ECD1-45B6-A914-8F08B1EDA1CA}.Debug|x64.Build.0 = Debug|x64
		{D6416DA8-ECD1-45B6-A914-8F08B1EDA1CA}.Debug|x86.ActiveCfg = Debug|Win32
		{D6416DA8-ECD1-45B6-A914-8F08B1EDA1CA}.Debug|x86.Build.0 = Debug|Win32
		{D6416DA8-ECD1-45B6-A914-8F08B1EDA1CA}.DebugUtf8|x64.ActiveCfg = Debug|x64
		{D6416DA8-ECD1-45B6-A914-8F08B1EDA1CA}.DebugUtf8|x64.Build.0 = Debug|x64
		{D6416DA8-ECD1-45B6-A914-8F08B1EDA1CA}.DebugUtf8|x86.ActiveCfg = Debug|Win32
		{D6416DA8-ECD1-45B6-A914-8F08B1EDA1CA}.DebugUtf8|x86.Build.0 = Debug|Win32
		{D6416DA8-ECD1-45B6-A914-8F08B1EDA1CA}.Release|x64.ActiveCfg = Release|x64
		{D6416DA8-ECD1-45B6-A914-8F08B1EDA1CA}.Release|x64.Build.0 = Release|x64
		{D6416DA8-ECD1-45B6-A914-8F08B1EDA1CA}.Release|x86.ActiveCfg = Release|Win32
		{D6416DA8-ECD1-45B6-A914-8F08B1EDA1CA}.Release|x86.Build.0 = Release|Win32
		{08753D26-73EB-4081-9989-C978B528E2B8}.Debug|x64.ActiveCfg = Debug|x64
		{08753D26-73EB-4081-9989-C978B528E2B8}.Debug|x64.Build.0 = Debug|x64
		{08753D26-73EB-4081-9989-C978B528E2B8}.Debug|x86.ActiveCfg = Debug|Win32
		{08753D26-73EB-4081-9989-C978B528E2B8}.Debug|x86.Build.0 = Debug|Win32
		{08753D26-73EB-4081-9989-C978B528E2B8}.DebugUtf8|x64.ActiveCfg = Debug|x64
		{08753D26-73EB-4081-9989-C978B528E2B8}.DebugUtf8|x64.Build.0 = Debug|x64
		{08753D26-73EB-4081-9989-C978B528E2B8}.DebugUtf8|x86.ActiveCfg = Debug|Win32
		{08753D26-73EB-4081-9989-C978B528E2B8}.DebugUtf8|x86.Build.0 = Debug|Win32
		{08753D26-73EB-4081-9989-C978B528E2B8}.Release|x64.ActiveCfg = Release|x64
		{08753D26-73EB-4081-9989-C978B528E2B8}.Release|x64.Build.0 = Release|x64
		{08753D26-73EB-4081-9989-C978B528E2B8}.Release|x86.ActiveCfg = Release|Win32
		{08753D26-73EB-4081-9989-C978B528E2B8}.Release|x86.Build.0 = Release|Win32
		{FE616804-5CF0-4451-93CB-C57FE664CCCD}.Debug|x64.ActiveCfg = Debug|x64
		{FE616804-5CF0-4451-93CB-C57FE664CCCD}.Debug|x64.Build.0 = Debug|x64
		{FE616804-5CF0-4451-93CB-C57FE664CCCD}.Debug|x86.ActiveCfg = Debug|Win32
		{FE616804-5CF0-4451-93CB-C57FE664CCCD}.Debug|x86.Build.0 = Debug|Win32
		{FE616804-5CF0-4451-93CB-C57FE664CCCD}.DebugUtf8|x64.ActiveCfg = DebugUtf8|x64
		{FE616804-5CF0-4451-93CB-C57FE664CCCD}.DebugUtf8|x64.Build.0 = DebugUtf8|x64
		{FE616804-5CF0-4451-93CB-C57FE664CCCD}.DebugUtf8|x86.ActiveCfg = DebugUtf8|Win32
		{FE616804-5CF0-4451-93CB-C57FE664CCCD}.DebugUtf8|x86.Build.0 = DebugUtf8|Win32
		{FE616804-5CF0-4451-93CB-C57FE664CCCD}.Release|x64.ActiveCfg = Release|x64
		{FE616804-5CF0-4451-93CB-C57FE664CCCD}.Release|x64.Build.0 = Release|x64
		{FE616804-5CF0-4451-93CB-C57FE664CCCD}.Release|x86.ActiveCfg = Release|Win32
		{FE616804-5CF0-4451-93CB-C57FE664CCCD}.Release|x86.Build.0 = Release|Win32
	EndGlobalSection
	GlobalSection(SolutionProperties) = preSolution
		HideSolutionNode = FALSE
	EndGlobalSection
	GlobalSection(ExtensibilityGlobals) = postSolution
		SolutionGuid = {6EB77A47-BB04-4E80-8F29-079AA023AA22}
	EndGlobalSection
EndGlobal
